
Microsoft Visual Studio Solution File, Format Version 12.00
# Visual Studio Version 17
VisualStudioVersion = 17.3.32811.315
MinimumVisualStudioVersion = 10.0.40219.1
Project("{FAE04EC0-301F-11D3-BF4B-00C04F79EFBC}") = "LeMinhNghia_KtrFE", "LeMinhNghia_KtrFE\LeMinhNghia_KtrFE.csproj", "{CAD28519-3C26-461F-8FAD-3802258F4EBB}"
EndProject
Global
	GlobalSection(SolutionConfigurationPlatforms) = preSolution
		Debug|Any CPU = Debug|Any CPU
		Release|Any CPU = Release|Any CPU
	EndGlobalSection
	GlobalSection(ProjectConfigurationPlatforms) = postSolution
		{CAD28519-3C26-461F-8FAD-3802258F4EBB}.Debug|Any CPU.ActiveCfg = Debug|Any CPU
		{CAD28519-3C26-461F-8FAD-3802258F4EBB}.Debug|Any CPU.Build.0 = Debug|Any CPU
		{CAD28519-3C26-461F-8FAD-3802258F4EBB}.Release|Any CPU.ActiveCfg = Release|Any CPU
		{CAD28519-3C26-461F-8FAD-3802258F4EBB}.Release|Any CPU.Build.0 = Release|Any CPU
	EndGlobalSection
	GlobalSection(SolutionProperties) = preSolution
		HideSolutionNode = FALSE
	EndGlobalSection
	GlobalSection(ExtensibilityGlobals) = postSolution
		SolutionGuid = {43A19BB2-D2A2-4B5C-BF42-08ADA3201E3B}
	EndGlobalSection
EndGlobal
